
Microsoft Visual Studio Solution File, Format Version 12.00
# Visual Studio 14
VisualStudioVersion = 14.0.24720.0
MinimumVisualStudioVersion = 10.0.40219.1
Project("{8BC9CEB8-8B4A-11D0-8D11-00A0C91BC942}") = "seq_list", "seq_list\seq_list.vcxproj", "{08E0F148-EF13-4F0A-BD09-D9D71FFAE791}"
EndProject
Project("{8BC9CEB8-8B4A-11D0-8D11-00A0C91BC942}") = "linked_list_head", "linked_list_head\linked_list_head.vcxproj", "{CF160CC9-7A1F-48FB-B007-2BAF837002B0}"
EndProject
Global
	GlobalSection(SolutionConfigurationPlatforms) = preSolution
		Debug|x64 = Debug|x64
		Debug|x86 = Debug|x86
		Release|x64 = Release|x64
		Release|x86 = Release|x86
	EndGlobalSection
	GlobalSection(ProjectConfigurationPlatforms) = postSolution
		{08E0F148-EF13-4F0A-BD09-D9D71FFAE791}.Debug|x64.ActiveCfg = Debug|x64
		{08E0F148-EF13-4F0A-BD09-D9D71FFAE791}.Debug|x64.Build.0 = Debug|x64
		{08E0F148-EF13-4F0A-BD09-D9D71FFAE791}.Debug|x86.ActiveCfg = Debug|Win32
		{08E0F148-EF13-4F0A-BD09-D9D71FFAE791}.Debug|x86.Build.0 = Debug|Win32
		{08E0F148-EF13-4F0A-BD09-D9D71FFAE791}.Release|x64.ActiveCfg = Release|x64
		{08E0F148-EF13-4F0A-BD09-D9D71FFAE791}.Release|x64.Build.0 = Release|x64
		{08E0F148-EF13-4F0A-BD09-D9D71FFAE791}.Release|x86.ActiveCfg = Release|Win32
		{08E0F148-EF13-4F0A-BD09-D9D71FFAE791}.Release|x86.Build.0 = Release|Win32
		{CF160CC9-7A1F-48FB-B007-2BAF837002B0}.Debug|x64.ActiveCfg = Debug|x64
		{CF160CC9-7A1F-48FB-B007-2BAF837002B0}.Debug|x64.Build.0 = Debug|x64
		{CF160CC9-7A1F-48FB-B007-2BAF837002B0}.Debug|x86.ActiveCfg = Debug|Win32
		{CF160CC9-7A1F-48FB-B007-2BAF837002B0}.Debug|x86.Build.0 = Debug|Win32
		{CF160CC9-7A1F-48FB-B007-2BAF837002B0}.Release|x64.ActiveCfg = Release|x64
		{CF160CC9-7A1F-48FB-B007-2BAF837002B0}.Release|x64.Build.0 = Release|x64
		{CF160CC9-7A1F-48FB-B007-2BAF837002B0}.Release|x86.ActiveCfg = Release|Win32
		{CF160CC9-7A1F-48FB-B007-2BAF837002B0}.Release|x86.Build.0 = Release|Win32
	EndGlobalSection
	GlobalSection(SolutionProperties) = preSolution
		HideSolutionNode = FALSE
	EndGlobalSection
EndGlobal
